{
    "version": 3,
    "terraform_version": "0.11.4",
    "serial": 6,
    "lineage": "544b5fd8-dee8-6516-70eb-6b9fed76161d",
    "modules": [
        {
            "path": [
                "root"
            ],
            "outputs": {
                "address": {
                    "sensitive": false,
                    "type": "string",
                    "value": "example-elb-132254026.ap-south-1.elb.amazonaws.com"
                }
            },
            "resources": {
                "aws_elb.web": {
                    "type": "aws_elb",
                    "depends_on": [
                        "aws_instance.web",
                        "aws_security_group.elb",
                        "aws_subnet.tf_test_subnet"
                    ],
                    "primary": {
                        "id": "example-elb",
                        "attributes": {
                            "access_logs.#": "0",
                            "arn": "arn:aws:elasticloadbalancing:ap-south-1:182003821339:loadbalancer/example-elb",
                            "availability_zones.#": "1",
                            "availability_zones.3696256483": "ap-south-1b",
                            "connection_draining": "true",
                            "connection_draining_timeout": "400",
                            "cross_zone_load_balancing": "true",
                            "dns_name": "example-elb-132254026.ap-south-1.elb.amazonaws.com",
                            "health_check.#": "1",
                            "health_check.0.healthy_threshold": "2",
                            "health_check.0.interval": "30",
                            "health_check.0.target": "HTTP:80/",
                            "health_check.0.timeout": "3",
                            "health_check.0.unhealthy_threshold": "2",
                            "id": "example-elb",
                            "idle_timeout": "400",
                            "instances.#": "1",
                            "instances.1254736569": "i-091186f395353583e",
                            "internal": "false",
                            "listener.#": "1",
                            "listener.3057123346.instance_port": "80",
                            "listener.3057123346.instance_protocol": "http",
                            "listener.3057123346.lb_port": "80",
                            "listener.3057123346.lb_protocol": "http",
                            "listener.3057123346.ssl_certificate_id": "",
                            "name": "example-elb",
                            "security_groups.#": "1",
                            "security_groups.3475091886": "sg-a1d074cb",
                            "source_security_group": "182003821339/elb_sg",
                            "source_security_group_id": "sg-a1d074cb",
                            "subnets.#": "1",
                            "subnets.1358395296": "subnet-a49c29e8",
                            "tags.%": "0",
                            "zone_id": "ZP97RAFLXTNZK"
                        },
                        "meta": {},
                        "tainted": false
                    },
                    "deposed": [],
                    "provider": "provider.aws"
                },
                "aws_instance.web": {
                    "type": "aws_instance",
                    "depends_on": [
                        "aws_security_group.default",
                        "aws_subnet.tf_test_subnet"
                    ],
                    "primary": {
                        "id": "i-091186f395353583e",
                        "attributes": {
                            "ami": "ami-d783a9b8",
                            "associate_public_ip_address": "true",
                            "availability_zone": "ap-south-1b",
                            "cpu_core_count": "1",
                            "cpu_threads_per_core": "1",
                            "credit_specification.#": "1",
                            "credit_specification.0.cpu_credits": "standard",
                            "disable_api_termination": "false",
                            "ebs_block_device.#": "0",
                            "ebs_optimized": "false",
                            "ephemeral_block_device.#": "0",
                            "get_password_data": "false",
                            "iam_instance_profile": "",
                            "id": "i-091186f395353583e",
                            "instance_state": "running",
                            "instance_type": "t2.micro",
                            "ipv6_addresses.#": "0",
                            "key_name": "dev-env-key",
                            "monitoring": "false",
                            "network_interface.#": "0",
                            "network_interface_id": "eni-40903a6a",
                            "password_data": "",
                            "placement_group": "",
                            "primary_network_interface_id": "eni-40903a6a",
                            "private_dns": "ip-10-0-0-157.ap-south-1.compute.internal",
                            "private_ip": "10.0.0.157",
                            "public_dns": "ec2-13-232-124-196.ap-south-1.compute.amazonaws.com",
                            "public_ip": "13.232.124.196",
                            "root_block_device.#": "1",
                            "root_block_device.0.delete_on_termination": "true",
                            "root_block_device.0.iops": "100",
                            "root_block_device.0.volume_id": "vol-0768b9838b3cb3a63",
                            "root_block_device.0.volume_size": "8",
                            "root_block_device.0.volume_type": "gp2",
                            "security_groups.#": "0",
                            "source_dest_check": "true",
                            "subnet_id": "subnet-a49c29e8",
                            "tags.%": "1",
                            "tags.Name": "elb-example",
                            "tenancy": "default",
                            "user_data": "51d19fa11fbb6889362f5659bfef443b52f74d8f",
                            "volume_tags.%": "0",
                            "vpc_security_group_ids.#": "1",
                            "vpc_security_group_ids.1671795817": "sg-9bd773f1"
                        },
                        "meta": {
                            "e2bfb730-ecaa-11e6-8f88-34363bc7c4c0": {
                                "create": 600000000000,
                                "delete": 1200000000000,
                                "update": 600000000000
                            },
                            "schema_version": "1"
                        },
                        "tainted": false
                    },
                    "deposed": [],
                    "provider": "provider.aws"
                },
                "aws_internet_gateway.gw": {
                    "type": "aws_internet_gateway",
                    "depends_on": [
                        "aws_vpc.default"
                    ],
                    "primary": {
                        "id": "igw-e479918c",
                        "attributes": {
                            "id": "igw-e479918c",
                            "tags.%": "1",
                            "tags.Name": "tf_test_ig",
                            "vpc_id": "vpc-36207f5e"
                        },
                        "meta": {},
                        "tainted": false
                    },
                    "deposed": [],
                    "provider": "provider.aws"
                },
                "aws_lb_cookie_stickiness_policy.default": {
                    "type": "aws_lb_cookie_stickiness_policy",
                    "depends_on": [
                        "aws_elb.web"
                    ],
                    "primary": {
                        "id": "example-elb:80:lbpolicy",
                        "attributes": {
                            "cookie_expiration_period": "600",
                            "id": "example-elb:80:lbpolicy",
                            "lb_port": "80",
                            "load_balancer": "example-elb",
                            "name": "lbpolicy"
                        },
                        "meta": {},
                        "tainted": false
                    },
                    "deposed": [],
                    "provider": "provider.aws"
                },
                "aws_route_table.r": {
                    "type": "aws_route_table",
                    "depends_on": [
                        "aws_internet_gateway.gw",
                        "aws_vpc.default"
                    ],
                    "primary": {
                        "id": "rtb-2b3d2043",
                        "attributes": {
                            "id": "rtb-2b3d2043",
                            "propagating_vgws.#": "0",
                            "route.#": "1",
                            "route.669223926.cidr_block": "0.0.0.0/0",
                            "route.669223926.egress_only_gateway_id": "",
                            "route.669223926.gateway_id": "igw-e479918c",
                            "route.669223926.instance_id": "",
                            "route.669223926.ipv6_cidr_block": "",
                            "route.669223926.nat_gateway_id": "",
                            "route.669223926.network_interface_id": "",
                            "route.669223926.vpc_peering_connection_id": "",
                            "tags.%": "1",
                            "tags.Name": "aws_route_table",
                            "vpc_id": "vpc-36207f5e"
                        },
                        "meta": {},
                        "tainted": false
                    },
                    "deposed": [],
                    "provider": "provider.aws"
                },
                "aws_route_table_association.a": {
                    "type": "aws_route_table_association",
                    "depends_on": [
                        "aws_route_table.r",
                        "aws_subnet.tf_test_subnet"
                    ],
                    "primary": {
                        "id": "rtbassoc-b495f7df",
                        "attributes": {
                            "id": "rtbassoc-b495f7df",
                            "route_table_id": "rtb-2b3d2043",
                            "subnet_id": "subnet-a49c29e8"
                        },
                        "meta": {},
                        "tainted": false
                    },
                    "deposed": [],
                    "provider": "provider.aws"
                },
                "aws_security_group.default": {
                    "type": "aws_security_group",
                    "depends_on": [
                        "aws_vpc.default"
                    ],
                    "primary": {
                        "id": "sg-9bd773f1",
                        "attributes": {
                            "arn": "arn:aws:ec2:ap-south-1:182003821339:security-group/sg-9bd773f1",
                            "description": "Used in the terraform",
                            "egress.#": "1",
                            "egress.482069346.cidr_blocks.#": "1",
                            "egress.482069346.cidr_blocks.0": "0.0.0.0/0",
                            "egress.482069346.description": "",
                            "egress.482069346.from_port": "0",
                            "egress.482069346.ipv6_cidr_blocks.#": "0",
                            "egress.482069346.prefix_list_ids.#": "0",
                            "egress.482069346.protocol": "-1",
                            "egress.482069346.security_groups.#": "0",
                            "egress.482069346.self": "false",
                            "egress.482069346.to_port": "0",
                            "id": "sg-9bd773f1",
                            "ingress.#": "2",
                            "ingress.2214680975.cidr_blocks.#": "1",
                            "ingress.2214680975.cidr_blocks.0": "0.0.0.0/0",
                            "ingress.2214680975.description": "",
                            "ingress.2214680975.from_port": "80",
                            "ingress.2214680975.ipv6_cidr_blocks.#": "0",
                            "ingress.2214680975.protocol": "tcp",
                            "ingress.2214680975.security_groups.#": "0",
                            "ingress.2214680975.self": "false",
                            "ingress.2214680975.to_port": "80",
                            "ingress.2541437006.cidr_blocks.#": "1",
                            "ingress.2541437006.cidr_blocks.0": "0.0.0.0/0",
                            "ingress.2541437006.description": "",
                            "ingress.2541437006.from_port": "22",
                            "ingress.2541437006.ipv6_cidr_blocks.#": "0",
                            "ingress.2541437006.protocol": "tcp",
                            "ingress.2541437006.security_groups.#": "0",
                            "ingress.2541437006.self": "false",
                            "ingress.2541437006.to_port": "22",
                            "name": "instance_sg",
                            "owner_id": "182003821339",
                            "revoke_rules_on_delete": "false",
                            "tags.%": "0",
                            "vpc_id": "vpc-36207f5e"
                        },
                        "meta": {
                            "e2bfb730-ecaa-11e6-8f88-34363bc7c4c0": {
                                "create": 600000000000,
                                "delete": 600000000000
                            },
                            "schema_version": "1"
                        },
                        "tainted": false
                    },
                    "deposed": [],
                    "provider": "provider.aws"
                },
                "aws_security_group.elb": {
                    "type": "aws_security_group",
                    "depends_on": [
                        "aws_internet_gateway.gw",
                        "aws_vpc.default"
                    ],
                    "primary": {
                        "id": "sg-a1d074cb",
                        "attributes": {
                            "arn": "arn:aws:ec2:ap-south-1:182003821339:security-group/sg-a1d074cb",
                            "description": "Used in the terraform",
                            "egress.#": "1",
                            "egress.482069346.cidr_blocks.#": "1",
                            "egress.482069346.cidr_blocks.0": "0.0.0.0/0",
                            "egress.482069346.description": "",
                            "egress.482069346.from_port": "0",
                            "egress.482069346.ipv6_cidr_blocks.#": "0",
                            "egress.482069346.prefix_list_ids.#": "0",
                            "egress.482069346.protocol": "-1",
                            "egress.482069346.security_groups.#": "0",
                            "egress.482069346.self": "false",
                            "egress.482069346.to_port": "0",
                            "id": "sg-a1d074cb",
                            "ingress.#": "1",
                            "ingress.2214680975.cidr_blocks.#": "1",
                            "ingress.2214680975.cidr_blocks.0": "0.0.0.0/0",
                            "ingress.2214680975.description": "",
                            "ingress.2214680975.from_port": "80",
                            "ingress.2214680975.ipv6_cidr_blocks.#": "0",
                            "ingress.2214680975.protocol": "tcp",
                            "ingress.2214680975.security_groups.#": "0",
                            "ingress.2214680975.self": "false",
                            "ingress.2214680975.to_port": "80",
                            "name": "elb_sg",
                            "owner_id": "182003821339",
                            "revoke_rules_on_delete": "false",
                            "tags.%": "0",
                            "vpc_id": "vpc-36207f5e"
                        },
                        "meta": {
                            "e2bfb730-ecaa-11e6-8f88-34363bc7c4c0": {
                                "create": 600000000000,
                                "delete": 600000000000
                            },
                            "schema_version": "1"
                        },
                        "tainted": false
                    },
                    "deposed": [],
                    "provider": "provider.aws"
                },
                "aws_subnet.tf_test_subnet": {
                    "type": "aws_subnet",
                    "depends_on": [
                        "aws_vpc.default"
                    ],
                    "primary": {
                        "id": "subnet-a49c29e8",
                        "attributes": {
                            "assign_ipv6_address_on_creation": "false",
                            "availability_zone": "ap-south-1b",
                            "cidr_block": "10.0.0.0/24",
                            "id": "subnet-a49c29e8",
                            "map_public_ip_on_launch": "true",
                            "tags.%": "1",
                            "tags.Name": "tf_test_subnet",
                            "vpc_id": "vpc-36207f5e"
                        },
                        "meta": {
                            "schema_version": "1"
                        },
                        "tainted": false
                    },
                    "deposed": [],
                    "provider": "provider.aws"
                },
                "aws_vpc.default": {
                    "type": "aws_vpc",
                    "depends_on": [],
                    "primary": {
                        "id": "vpc-36207f5e",
                        "attributes": {
                            "arn": "arn:aws:ec2:ap-south-1:182003821339:vpc/vpc-36207f5e",
                            "assign_generated_ipv6_cidr_block": "false",
                            "cidr_block": "10.0.0.0/16",
                            "default_network_acl_id": "acl-260d0b4e",
                            "default_route_table_id": "rtb-ee3f2286",
                            "default_security_group_id": "sg-24d1754e",
                            "dhcp_options_id": "dopt-6dad1005",
                            "enable_dns_hostnames": "true",
                            "enable_dns_support": "true",
                            "id": "vpc-36207f5e",
                            "instance_tenancy": "default",
                            "main_route_table_id": "rtb-ee3f2286",
                            "tags.%": "1",
                            "tags.Name": "tf_test"
                        },
                        "meta": {
                            "schema_version": "1"
                        },
                        "tainted": false
                    },
                    "deposed": [],
                    "provider": "provider.aws"
                }
            },
            "depends_on": []
        }
    ]
}
