{
    "version": 3,
    "terraform_version": "0.11.4",
    "serial": 7,
    "lineage": "979421a9-85f3-15a1-42cb-fbd09d103f2d",
    "modules": [
        {
            "path": [
                "root"
            ],
            "outputs": {},
            "resources": {
                "google_compute_firewall.ssh": {
                    "type": "google_compute_firewall",
                    "depends_on": [
                        "google_compute_network.ovirt_network"
                    ],
                    "primary": {
                        "id": "ovirt-network-firewall-ssh",
                        "attributes": {
                            "allow.#": "1",
                            "allow.803338340.ports.#": "1",
                            "allow.803338340.ports.0": "22",
                            "allow.803338340.protocol": "tcp",
                            "creation_timestamp": "2018-09-05T16:04:33.577-07:00",
                            "deny.#": "0",
                            "description": "",
                            "destination_ranges.#": "0",
                            "direction": "INGRESS",
                            "disabled": "false",
                            "id": "ovirt-network-firewall-ssh",
                            "name": "ovirt-network-firewall-ssh",
                            "network": "https://www.googleapis.com/compute/v1/projects/admin-project-215520/global/networks/ovirt-network",
                            "priority": "1000",
                            "project": "admin-project-215520",
                            "self_link": "https://www.googleapis.com/compute/v1/projects/admin-project-215520/global/firewalls/ovirt-network-firewall-ssh",
                            "source_ranges.#": "1",
                            "source_ranges.1080289494": "0.0.0.0/0",
                            "source_service_accounts.#": "0",
                            "source_tags.#": "0",
                            "target_service_accounts.#": "0",
                            "target_tags.#": "0"
                        },
                        "meta": {
                            "e2bfb730-ecaa-11e6-8f88-34363bc7c4c0": {
                                "create": 240000000000,
                                "delete": 240000000000,
                                "update": 240000000000
                            },
                            "schema_version": "1"
                        },
                        "tainted": false
                    },
                    "deposed": [],
                    "provider": "provider.google"
                },
                "google_compute_instance.ovirt-engine-instance": {
                    "type": "google_compute_instance",
                    "depends_on": [
                        "google_compute_subnetwork.ovirt_network_subnetwork"
                    ],
                    "primary": {
                        "id": "ovirt-engine",
                        "attributes": {
                            "attached_disk.#": "0",
                            "boot_disk.#": "1",
                            "boot_disk.0.auto_delete": "true",
                            "boot_disk.0.device_name": "persistent-disk-0",
                            "boot_disk.0.disk_encryption_key_raw": "",
                            "boot_disk.0.disk_encryption_key_sha256": "",
                            "boot_disk.0.initialize_params.#": "1",
                            "boot_disk.0.initialize_params.0.image": "https://www.googleapis.com/compute/v1/projects/centos-cloud/global/images/centos-7-v20170816",
                            "boot_disk.0.initialize_params.0.size": "10",
                            "boot_disk.0.initialize_params.0.type": "pd-standard",
                            "boot_disk.0.source": "https://www.googleapis.com/compute/v1/projects/admin-project-215520/zones/us-west1-a/disks/ovirt-engine",
                            "can_ip_forward": "false",
                            "cpu_platform": "Intel Broadwell",
                            "create_timeout": "4",
                            "deletion_protection": "false",
                            "guest_accelerator.#": "0",
                            "id": "ovirt-engine",
                            "instance_id": "3127670731362394105",
                            "label_fingerprint": "42WmSpB8rSM=",
                            "labels.%": "0",
                            "machine_type": "f1-micro",
                            "metadata.%": "1",
                            "metadata.hostname": "ovirt-engine-instance",
                            "metadata_fingerprint": "VIaASvnLdIo=",
                            "metadata_startup_script": "",
                            "min_cpu_platform": "",
                            "name": "ovirt-engine",
                            "network_interface.#": "1",
                            "network_interface.0.access_config.#": "0",
                            "network_interface.0.address": "10.0.0.2",
                            "network_interface.0.alias_ip_range.#": "0",
                            "network_interface.0.name": "nic0",
                            "network_interface.0.network": "https://www.googleapis.com/compute/v1/projects/admin-project-215520/global/networks/ovirt-network",
                            "network_interface.0.network_ip": "10.0.0.2",
                            "network_interface.0.subnetwork": "https://www.googleapis.com/compute/v1/projects/admin-project-215520/regions/us-west1/subnetworks/ovirt-network-subnetwork-us-west1",
                            "network_interface.0.subnetwork_project": "admin-project-215520",
                            "project": "admin-project-215520",
                            "scheduling.#": "1",
                            "scheduling.0.automatic_restart": "false",
                            "scheduling.0.on_host_maintenance": "MIGRATE",
                            "scheduling.0.preemptible": "false",
                            "scratch_disk.#": "0",
                            "self_link": "https://www.googleapis.com/compute/v1/projects/admin-project-215520/zones/us-west1-a/instances/ovirt-engine",
                            "service_account.#": "0",
                            "tags.#": "7",
                            "tags.1366904836": "ovirt-network-firewall-secure-forward",
                            "tags.2399689261": "ovirt-network-firewall-openshift-console",
                            "tags.2447451164": "ovirt-network-firewall-ssh",
                            "tags.2547969496": "ovirt-network-firewall-postgresql",
                            "tags.3361915668": "ovirt-network-firewall-icmp",
                            "tags.3796215772": "ovirt-network-firewall-https",
                            "tags.4072126620": "ovirt-network-firewall-http",
                            "tags_fingerprint": "EaZmpkYQa40=",
                            "zone": "us-west1-a"
                        },
                        "meta": {
                            "e2bfb730-ecaa-11e6-8f88-34363bc7c4c0": {
                                "create": 360000000000,
                                "delete": 360000000000,
                                "update": 360000000000
                            },
                            "schema_version": "6"
                        },
                        "tainted": false
                    },
                    "deposed": [],
                    "provider": "provider.google"
                },
                "google_compute_network.ovirt_network": {
                    "type": "google_compute_network",
                    "depends_on": [],
                    "primary": {
                        "id": "ovirt-network",
                        "attributes": {
                            "auto_create_subnetworks": "true",
                            "description": "",
                            "gateway_ipv4": "",
                            "id": "ovirt-network",
                            "ipv4_range": "",
                            "name": "ovirt-network",
                            "project": "admin-project-215520",
                            "routing_mode": "REGIONAL",
                            "self_link": "https://www.googleapis.com/compute/v1/projects/admin-project-215520/global/networks/ovirt-network"
                        },
                        "meta": {},
                        "tainted": false
                    },
                    "deposed": [],
                    "provider": "provider.google"
                },
                "google_compute_subnetwork.ovirt_network_subnetwork": {
                    "type": "google_compute_subnetwork",
                    "depends_on": [
                        "google_compute_network.ovirt_network"
                    ],
                    "primary": {
                        "id": "us-west1/ovirt-network-subnetwork-us-west1",
                        "attributes": {
                            "creation_timestamp": "2018-09-05T16:04:33.824-07:00",
                            "description": "",
                            "enable_flow_logs": "false",
                            "fingerprint": "GY8uM9lpYRU=",
                            "gateway_address": "10.0.0.1",
                            "id": "us-west1/ovirt-network-subnetwork-us-west1",
                            "ip_cidr_range": "10.0.0.0/16",
                            "name": "ovirt-network-subnetwork-us-west1",
                            "network": "https://www.googleapis.com/compute/v1/projects/admin-project-215520/global/networks/ovirt-network",
                            "private_ip_google_access": "false",
                            "project": "admin-project-215520",
                            "region": "us-west1",
                            "secondary_ip_range.#": "0",
                            "self_link": "https://www.googleapis.com/compute/v1/projects/admin-project-215520/regions/us-west1/subnetworks/ovirt-network-subnetwork-us-west1"
                        },
                        "meta": {
                            "e2bfb730-ecaa-11e6-8f88-34363bc7c4c0": {
                                "create": 360000000000,
                                "delete": 360000000000,
                                "update": 360000000000
                            }
                        },
                        "tainted": false
                    },
                    "deposed": [],
                    "provider": "provider.google"
                }
            },
            "depends_on": []
        }
    ]
}
